PODS:
  - FBAEMKit (17.4.0):
    - FBSDKCoreKit_Basics (= 17.4.0)
  - FBAudienceNetwork (6.16.0)
  - FBSDKCoreKit (17.4.0):
    - FBAEMKit (= 17.4.0)
    - FBSDKCoreKit_Basics (= 17.4.0)
  - FBSDKCoreKit_Basics (17.4.0)
  - Flutter (1.0.0)
  - flutter_meta_sdk (1.0.0):
    - FBAudienceNetwork
    - FBSDKCoreKit
    - Flutter

DEPENDENCIES:
  - Flutter (from `Flutter`)
  - flutter_meta_sdk (from `.symlinks/plugins/flutter_meta_sdk/ios`)

SPEC REPOS:
  trunk:
    - FBAEMKit
    - FBAudienceNetwork
    - FBSDKCoreKit
    - FBSDKCoreKit_Basics

EXTERNAL SOURCES:
  Flutter:
    :path: Flutter
  flutter_meta_sdk:
    :path: ".symlinks/plugins/flutter_meta_sdk/ios"

SPEC CHECKSUMS:
  FBAEMKit: 58cb5f302cdd715a56d4c1d0dfdd2e423ac1421a
  FBAudienceNetwork: d1670939884e3a2e0ad98dca98d7e0c841417228
  FBSDKCoreKit: 94d7461d0cecf441b1ba7c41acfff41daa8ccd41
  FBSDKCoreKit_Basics: 151b43db8b834d3f0e02f95d36a44ffd36265e45
  Flutter: e0871f40cf51350855a761d2e70bf5af5b9b5de7
  flutter_meta_sdk: f678e258d0ecb44eebc07caa0fc2272eef931f45

PODFILE CHECKSUM: 4e8f8b2be68aeea4c0d5beb6ff1e79fface1d048

COCOAPODS: 1.15.2
